
Microsoft Visual Studio Solution File, Format Version 12.00
# Visual Studio Version 17
VisualStudioVersion = 17.7.34221.43
MinimumVisualStudioVersion = 10.0.40219.1
Project("{9A19103F-16F7-4668-BE54-9A1E7A4F7556}") = "TimeApp", "TimeApp.csproj", "{1735E4FA-0D5F-4A06-818C-5DC7240AA334}"
EndProject
Project("{FAE04EC0-301F-11D3-BF4B-00C04F79EFBC}") = "TimeAppRestApi", "..\TimeAppRestApi\TimeAppRestApi.csproj", "{984B5A08-006F-4F89-B22C-7AD1C8099349}"
EndProject
Global
	GlobalSection(SolutionConfigurationPlatforms) = preSolution
		Debug|Any CPU = Debug|Any CPU
		Release|Any CPU = Release|Any CPU
	EndGlobalSection
	GlobalSection(ProjectConfigurationPlatforms) = postSolution
		{1735E4FA-0D5F-4A06-818C-5DC7240AA334}.Debug|Any CPU.ActiveCfg = Debug|Any CPU
		{1735E4FA-0D5F-4A06-818C-5DC7240AA334}.Debug|Any CPU.Build.0 = Debug|Any CPU
		{1735E4FA-0D5F-4A06-818C-5DC7240AA334}.Debug|Any CPU.Deploy.0 = Debug|Any CPU
		{1735E4FA-0D5F-4A06-818C-5DC7240AA334}.Release|Any CPU.ActiveCfg = Release|Any CPU
		{1735E4FA-0D5F-4A06-818C-5DC7240AA334}.Release|Any CPU.Build.0 = Release|Any CPU
		{1735E4FA-0D5F-4A06-818C-5DC7240AA334}.Release|Any CPU.Deploy.0 = Release|Any CPU
		{984B5A08-006F-4F89-B22C-7AD1C8099349}.Debug|Any CPU.ActiveCfg = Debug|Any CPU
		{984B5A08-006F-4F89-B22C-7AD1C8099349}.Debug|Any CPU.Build.0 = Debug|Any CPU
		{984B5A08-006F-4F89-B22C-7AD1C8099349}.Release|Any CPU.ActiveCfg = Release|Any CPU
		{984B5A08-006F-4F89-B22C-7AD1C8099349}.Release|Any CPU.Build.0 = Release|Any CPU
	EndGlobalSection
	GlobalSection(SolutionProperties) = preSolution
		HideSolutionNode = FALSE
	EndGlobalSection
	GlobalSection(ExtensibilityGlobals) = postSolution
		SolutionGuid = {467AFFE9-2BF6-4124-B88C-9292002FFF6F}
	EndGlobalSection
EndGlobal
